
Microsoft Visual Studio Solution File, Format Version 12.00
# Visual Studio Version 16
VisualStudioVersion = 16.0.31313.79
MinimumVisualStudioVersion = 10.0.40219.1
Project("{9A19103F-16F7-4668-BE54-9A1E7A4F7556}") = "Assecor.Api", "Assecor.Api\Assecor.Api.csproj", "{86AFD716-E849-4EFE-88CF-E613EED7D8B5}"
EndProject
Project("{9A19103F-16F7-4668-BE54-9A1E7A4F7556}") = "Assecor.DAL", "Assecor.DAL\Assecor.DAL.csproj", "{D113AA3E-BED6-48D3-AF7E-17D178F76BDA}"
EndProject
Project("{9A19103F-16F7-4668-BE54-9A1E7A4F7556}") = "Assecor.DAL.Test", "Assecor.DAL.Test\Assecor.DAL.Test.csproj", "{6E9E630D-C89B-4FFA-9A8D-16D13FC3A5B5}"
EndProject
Project("{FAE04EC0-301F-11D3-BF4B-00C04F79EFBC}") = "Assecor.Api.Test", "Assecor.Api.Test\Assecor.Api.Test.csproj", "{B18250D5-884E-4735-BAE7-920F472AD0FE}"
EndProject
Global
	GlobalSection(SolutionConfigurationPlatforms) = preSolution
		Debug|Any CPU = Debug|Any CPU
		Release|Any CPU = Release|Any CPU
	EndGlobalSection
	GlobalSection(ProjectConfigurationPlatforms) = postSolution
		{86AFD716-E849-4EFE-88CF-E613EED7D8B5}.Debug|Any CPU.ActiveCfg = Debug|Any CPU
		{86AFD716-E849-4EFE-88CF-E613EED7D8B5}.Debug|Any CPU.Build.0 = Debug|Any CPU
		{86AFD716-E849-4EFE-88CF-E613EED7D8B5}.Release|Any CPU.ActiveCfg = Release|Any CPU
		{86AFD716-E849-4EFE-88CF-E613EED7D8B5}.Release|Any CPU.Build.0 = Release|Any CPU
		{D113AA3E-BED6-48D3-AF7E-17D178F76BDA}.Debug|Any CPU.ActiveCfg = Debug|Any CPU
		{D113AA3E-BED6-48D3-AF7E-17D178F76BDA}.Debug|Any CPU.Build.0 = Debug|Any CPU
		{D113AA3E-BED6-48D3-AF7E-17D178F76BDA}.Release|Any CPU.ActiveCfg = Release|Any CPU
		{D113AA3E-BED6-48D3-AF7E-17D178F76BDA}.Release|Any CPU.Build.0 = Release|Any CPU
		{6E9E630D-C89B-4FFA-9A8D-16D13FC3A5B5}.Debug|Any CPU.ActiveCfg = Debug|Any CPU
		{6E9E630D-C89B-4FFA-9A8D-16D13FC3A5B5}.Debug|Any CPU.Build.0 = Debug|Any CPU
		{6E9E630D-C89B-4FFA-9A8D-16D13FC3A5B5}.Release|Any CPU.ActiveCfg = Release|Any CPU
		{6E9E630D-C89B-4FFA-9A8D-16D13FC3A5B5}.Release|Any CPU.Build.0 = Release|Any CPU
		{B18250D5-884E-4735-BAE7-920F472AD0FE}.Debug|Any CPU.ActiveCfg = Debug|Any CPU
		{B18250D5-884E-4735-BAE7-920F472AD0FE}.Debug|Any CPU.Build.0 = Debug|Any CPU
		{B18250D5-884E-4735-BAE7-920F472AD0FE}.Release|Any CPU.ActiveCfg = Release|Any CPU
		{B18250D5-884E-4735-BAE7-920F472AD0FE}.Release|Any CPU.Build.0 = Release|Any CPU
	EndGlobalSection
	GlobalSection(SolutionProperties) = preSolution
		HideSolutionNode = FALSE
	EndGlobalSection
	GlobalSection(ExtensibilityGlobals) = postSolution
		SolutionGuid = {32714E85-A991-4EC1-9902-E10BFDD9F4F8}
	EndGlobalSection
EndGlobal
